# This file is automatically @generated by Cargo.
# It is not intended for manual editing.
[[package]]
name = "ahash"
version = "0.3.8"
source = "registry+https://github.com/rust-lang/crates.io-index"
checksum = "e8fd72866655d1904d6b0997d0b07ba561047d070fbe29de039031c641b61217"

[[package]]
name = "aho-corasick"
version = "0.7.15"
source = "registry+https://github.com/rust-lang/crates.io-index"
checksum = "7404febffaa47dac81aa44dba71523c9d069b1bdc50a77db41195149e17f68e5"
dependencies = [
 "memchr",
]

[[package]]
name = "autocfg"
version = "1.0.1"
source = "registry+https://github.com/rust-lang/crates.io-index"
checksum = "cdb031dd78e28731d87d56cc8ffef4a8f36ca26c38fe2de700543e627f8a464a"

[[package]]
name = "base64"
version = "0.10.1"
source = "registry+https://github.com/rust-lang/crates.io-index"
checksum = "0b25d992356d2eb0ed82172f5248873db5560c4721f564b13cb5193bda5e668e"
dependencies = [
 "byteorder",
]

[[package]]
name = "base64"
version = "0.12.3"
source = "registry+https://github.com/rust-lang/crates.io-index"
checksum = "3441f0f7b02788e948e47f457ca01f1d7e6d92c693bc132c22b087d3141c03ff"

[[package]]
name = "byteorder"
version = "1.4.2"
source = "registry+https://github.com/rust-lang/crates.io-index"
checksum = "ae44d1a3d5a19df61dd0c8beb138458ac2a53a7ac09eba97d55592540004306b"

[[package]]
name = "cfg-if"
version = "1.0.0"
source = "registry+https://github.com/rust-lang/crates.io-index"
checksum = "baf1de4339761588bc0619e3cbc0120ee582ebb74b53b4efbf79117bd2da40fd"

[[package]]
name = "charset"
version = "0.1.2"
source = "registry+https://github.com/rust-lang/crates.io-index"
checksum = "4f426e64df1c3de26cbf44593c6ffff5dbfd43bbf9de0d075058558126b3fc73"
dependencies = [
 "base64 0.10.1",
 "encoding_rs",
]

[[package]]
name = "encoding_rs"
version = "0.8.28"
source = "registry+https://github.com/rust-lang/crates.io-index"
checksum = "80df024fbc5ac80f87dfef0d9f5209a252f2a497f7f42944cff24d8253cac065"
dependencies = [
 "cfg-if",
]

[[package]]
name = "exitcode"
version = "1.1.2"
source = "registry+https://github.com/rust-lang/crates.io-index"
checksum = "de853764b47027c2e862a995c34978ffa63c1501f2e15f987ba11bd4f9bba193"

[[package]]
name = "hashbrown"
version = "0.7.2"
source = "registry+https://github.com/rust-lang/crates.io-index"
checksum = "96282e96bfcd3da0d3aa9938bedf1e50df3269b6db08b4876d2da0bb1a0841cf"
dependencies = [
 "ahash",
 "autocfg",
]

[[package]]
name = "mailparse"
version = "0.13.2"
source = "registry+https://github.com/rust-lang/crates.io-index"
checksum = "31de1f9043c582efde7dbd93de56600df12b6c4488a67eeaefa74ea364019b22"
dependencies = [
 "base64 0.12.3",
 "charset",
 "quoted_printable",
]

[[package]]
name = "memchr"
version = "2.3.4"
source = "registry+https://github.com/rust-lang/crates.io-index"
checksum = "0ee1c47aaa256ecabcaea351eae4a9b01ef39ed810004e298d2511ed284b1525"

[[package]]
name = "ottolangy"
version = "0.0.1"
dependencies = [
 "exitcode",
 "mailparse",
 "regex",
 "thiserror",
 "whatlang",
 "xdg",
]

[[package]]
name = "proc-macro2"
version = "1.0.24"
source = "registry+https://github.com/rust-lang/crates.io-index"
checksum = "1e0704ee1a7e00d7bb417d0770ea303c1bccbabf0ef1667dae92b5967f5f8a71"
dependencies = [
 "unicode-xid",
]

[[package]]
name = "quote"
version = "1.0.9"
source = "registry+https://github.com/rust-lang/crates.io-index"
checksum = "c3d0b9745dc2debf507c8422de05d7226cc1f0644216dfdfead988f9b1ab32a7"
dependencies = [
 "proc-macro2",
]

[[package]]
name = "quoted_printable"
version = "0.4.2"
source = "registry+https://github.com/rust-lang/crates.io-index"
checksum = "47b080c5db639b292ac79cbd34be0cfc5d36694768d8341109634d90b86930e2"

[[package]]
name = "regex"
version = "1.4.4"
source = "registry+https://github.com/rust-lang/crates.io-index"
checksum = "54fd1046a3107eb58f42de31d656fee6853e5d276c455fd943742dce89fc3dd3"
dependencies = [
 "aho-corasick",
 "memchr",
 "regex-syntax",
]

[[package]]
name = "regex-syntax"
version = "0.6.23"
source = "registry+https://github.com/rust-lang/crates.io-index"
checksum = "24d5f089152e60f62d28b835fbff2cd2e8dc0baf1ac13343bef92ab7eed84548"

[[package]]
name = "syn"
version = "1.0.63"
source = "registry+https://github.com/rust-lang/crates.io-index"
checksum = "8fd9bc7ccc2688b3344c2f48b9b546648b25ce0b20fc717ee7fa7981a8ca9717"
dependencies = [
 "proc-macro2",
 "quote",
 "unicode-xid",
]

[[package]]
name = "thiserror"
version = "1.0.24"
source = "registry+https://github.com/rust-lang/crates.io-index"
checksum = "e0f4a65597094d4483ddaed134f409b2cb7c1beccf25201a9f73c719254fa98e"
dependencies = [
 "thiserror-impl",
]

[[package]]
name = "thiserror-impl"
version = "1.0.24"
source = "registry+https://github.com/rust-lang/crates.io-index"
checksum = "7765189610d8241a44529806d6fd1f2e0a08734313a35d5b3a556f92b381f3c0"
dependencies = [
 "proc-macro2",
 "quote",
 "syn",
]

[[package]]
name = "unicode-xid"
version = "0.2.1"
source = "registry+https://github.com/rust-lang/crates.io-index"
checksum = "f7fe0bb3479651439c9112f72b6c505038574c9fbb575ed1bf3b797fa39dd564"

[[package]]
name = "whatlang"
version = "0.11.1"
source = "registry+https://github.com/rust-lang/crates.io-index"
checksum = "783066160df650d0cc2629fa4f616ef4fcf00817803789e92ca09a55eba6ff05"
dependencies = [
 "hashbrown",
]

[[package]]
name = "xdg"
version = "2.2.0"
source = "registry+https://github.com/rust-lang/crates.io-index"
checksum = "d089681aa106a86fade1b0128fb5daf07d5867a509ab036d99988dec80429a57"
