# This file is automatically @generated by Cargo.
# It is not intended for manual editing.
[[package]]
name = "buf-read-ext"
version = "0.3.0"
source = "registry+https://github.com/rust-lang/crates.io-index"
checksum = "bd2b3bef6c7a0f62d42a25a3cce9a40d558f3f4e15b70a7eef4aaea5c2a419ab"

[[package]]
name = "email-format"
version = "0.8.0"
source = "registry+https://github.com/rust-lang/crates.io-index"
checksum = "dd8eb503420bb8f3576592fed3c40baa2cca5f41420baa9ceef8e1d2c09327bb"
dependencies = [
 "buf-read-ext",
]

[[package]]
name = "ottolangy"
version = "0.0.1"
dependencies = [
 "email-format",
]
